// !$*UTF8*$!
{
	archiveVersion = 1;
	classes = {
	};
	objectVersion = 50;
	objects = {

/* Begin PBXBuildFile section */
		830786E720D3A7EB00D58515 /* WeaponDetailViewController.swift in Sources */ = {isa = PBXBuildFile; fileRef = 830786E620D3A7EB00D58515 /* WeaponDetailViewController.swift */; };
		830786E920D4CFED00D58515 /* Weapon.swift in Sources */ = {isa = PBXBuildFile; fileRef = 830786E820D4CFED00D58515 /* Weapon.swift */; };
		830786EB20D4E5B200D58515 /* DetailController.swift in Sources */ = {isa = PBXBuildFile; fileRef = 830786EA20D4E5B200D58515 /* DetailController.swift */; };
		830786ED20D4E7CA00D58515 /* DetailCell.swift in Sources */ = {isa = PBXBuildFile; fileRef = 830786EC20D4E7CA00D58515 /* DetailCell.swift */; };
		830786EF20DF5E1E00D58515 /* NaviExt.swift in Sources */ = {isa = PBXBuildFile; fileRef = 830786EE20DF5E1E00D58515 /* NaviExt.swift */; };
		830786F120DF75AB00D58515 /* RateController.swift in Sources */ = {isa = PBXBuildFile; fileRef = 830786F020DF75AB00D58515 /* RateController.swift */; };
		830786F320DF934A00D58515 /* weapons.json in Resources */ = {isa = PBXBuildFile; fileRef = 830786F220DF934900D58515 /* weapons.json */; };
		830786F520DF9EF400D58515 /* origin.json in Resources */ = {isa = PBXBuildFile; fileRef = 830786F420DF9EF400D58515 /* origin.json */; };
		830786F720DF9F0200D58515 /* weaponSpecs.json in Resources */ = {isa = PBXBuildFile; fileRef = 830786F620DF9F0200D58515 /* weaponSpecs.json */; };
		830786F920DFAB1500D58515 /* NewWeaponController.swift in Sources */ = {isa = PBXBuildFile; fileRef = 830786F820DFAB1500D58515 /* NewWeaponController.swift */; };
		830786FB20DFAF1400D58515 /* pickerViewFill.swift in Sources */ = {isa = PBXBuildFile; fileRef = 830786FA20DFAF1400D58515 /* pickerViewFill.swift */; };
		8367C66B20CAA48D000E214C /* AppDelegate.swift in Sources */ = {isa = PBXBuildFile; fileRef = 8367C66A20CAA48D000E214C /* AppDelegate.swift */; };
		8367C67020CAA48D000E214C /* Main.storyboard in Resources */ = {isa = PBXBuildFile; fileRef = 8367C66E20CAA48D000E214C /* Main.storyboard */; };
		8367C67220CAA48E000E214C /* Assets.xcassets in Resources */ = {isa = PBXBuildFile; fileRef = 8367C67120CAA48E000E214C /* Assets.xcassets */; };
		8367C67520CAA48E000E214C /* LaunchScreen.storyboard in Resources */ = {isa = PBXBuildFile; fileRef = 8367C67320CAA48E000E214C /* LaunchScreen.storyboard */; };
		8367C67D20CAA51C000E214C /* WeaponsTableViewController.swift in Sources */ = {isa = PBXBuildFile; fileRef = 8367C67C20CAA51C000E214C /* WeaponsTableViewController.swift */; };
		8367C67F20CAAEF8000E214C /* CardCell.swift in Sources */ = {isa = PBXBuildFile; fileRef = 8367C67E20CAAEF8000E214C /* CardCell.swift */; };
		8367C68120CAC415000E214C /* UIViewHelper.swift in Sources */ = {isa = PBXBuildFile; fileRef = 8367C68020CAC415000E214C /* UIViewHelper.swift */; };
/* End PBXBuildFile section */

/* Begin PBXFileReference section */
		830786E620D3A7EB00D58515 /* WeaponDetailViewController.swift */ = {isa = PBXFileReference; lastKnownFileType = sourcecode.swift; path = WeaponDetailViewController.swift; sourceTree = "<group>"; };
		830786E820D4CFED00D58515 /* Weapon.swift */ = {isa = PBXFileReference; lastKnownFileType = sourcecode.swift; path = Weapon.swift; sourceTree = "<group>"; };
		830786EA20D4E5B200D58515 /* DetailController.swift */ = {isa = PBXFileReference; lastKnownFileType = sourcecode.swift; path = DetailController.swift; sourceTree = "<group>"; };
		830786EC20D4E7CA00D58515 /* DetailCell.swift */ = {isa = PBXFileReference; lastKnownFileType = sourcecode.swift; path = DetailCell.swift; sourceTree = "<group>"; };
		830786EE20DF5E1E00D58515 /* NaviExt.swift */ = {isa = PBXFileReference; lastKnownFileType = sourcecode.swift; path = NaviExt.swift; sourceTree = "<group>"; };
		830786F020DF75AB00D58515 /* RateController.swift */ = {isa = PBXFileReference; lastKnownFileType = sourcecode.swift; path = RateController.swift; sourceTree = "<group>"; };
		830786F220DF934900D58515 /* weapons.json */ = {isa = PBXFileReference; fileEncoding = 4; lastKnownFileType = text.json; path = weapons.json; sourceTree = "<group>"; };
		830786F420DF9EF400D58515 /* origin.json */ = {isa = PBXFileReference; fileEncoding = 4; lastKnownFileType = text.json; path = origin.json; sourceTree = "<group>"; };
		830786F620DF9F0200D58515 /* weaponSpecs.json */ = {isa = PBXFileReference; fileEncoding = 4; lastKnownFileType = text.json; path = weaponSpecs.json; sourceTree = "<group>"; };
		830786F820DFAB1500D58515 /* NewWeaponController.swift */ = {isa = PBXFileReference; lastKnownFileType = sourcecode.swift; path = NewWeaponController.swift; sourceTree = "<group>"; };
		830786FA20DFAF1400D58515 /* pickerViewFill.swift */ = {isa = PBXFileReference; lastKnownFileType = sourcecode.swift; path = pickerViewFill.swift; sourceTree = "<group>"; };
		8367C66720CAA48D000E214C /* Weapons.app */ = {isa = PBXFileReference; explicitFileType = wrapper.application; includeInIndex = 0; path = Weapons.app; sourceTree = BUILT_PRODUCTS_DIR; };
		8367C66A20CAA48D000E214C /* AppDelegate.swift */ = {isa = PBXFileReference; lastKnownFileType = sourcecode.swift; path = AppDelegate.swift; sourceTree = "<group>"; };
		8367C66F20CAA48D000E214C /* Base */ = {isa = PBXFileReference; lastKnownFileType = file.storyboard; name = Base; path = Base.lproj/Main.storyboard; sourceTree = "<group>"; };
		8367C67120CAA48E000E214C /* Assets.xcassets */ = {isa = PBXFileReference; lastKnownFileType = folder.assetcatalog; path = Assets.xcassets; sourceTree = "<group>"; };
		8367C67420CAA48E000E214C /* Base */ = {isa = PBXFileReference; lastKnownFileType = file.storyboard; name = Base; path = Base.lproj/LaunchScreen.storyboard; sourceTree = "<group>"; };
		8367C67620CAA48E000E214C /* Info.plist */ = {isa = PBXFileReference; lastKnownFileType = text.plist.xml; path = Info.plist; sourceTree = "<group>"; };
		8367C67C20CAA51C000E214C /* WeaponsTableViewController.swift */ = {isa = PBXFileReference; lastKnownFileType = sourcecode.swift; path = WeaponsTableViewController.swift; sourceTree = "<group>"; };
		8367C67E20CAAEF8000E214C /* CardCell.swift */ = {isa = PBXFileReference; lastKnownFileType = sourcecode.swift; path = CardCell.swift; sourceTree = "<group>"; };
		8367C68020CAC415000E214C /* UIViewHelper.swift */ = {isa = PBXFileReference; lastKnownFileType = sourcecode.swift; path = UIViewHelper.swift; sourceTree = "<group>"; };
/* End PBXFileReference section */

/* Begin PBXFrameworksBuildPhase section */
		8367C66420CAA48D000E214C /* Frameworks */ = {
			isa = PBXFrameworksBuildPhase;
			buildActionMask = 2147483647;
			files = (
			);
			runOnlyForDeploymentPostprocessing = 0;
		};
/* End PBXFrameworksBuildPhase section */

/* Begin PBXGroup section */
		8367C65E20CAA48D000E214C = {
			isa = PBXGroup;
			children = (
				8367C66920CAA48D000E214C /* Weapons */,
				8367C66820CAA48D000E214C /* Products */,
			);
			sourceTree = "<group>";
		};
		8367C66820CAA48D000E214C /* Products */ = {
			isa = PBXGroup;
			children = (
				8367C66720CAA48D000E214C /* Weapons.app */,
			);
			name = Products;
			sourceTree = "<group>";
		};
		8367C66920CAA48D000E214C /* Weapons */ = {
			isa = PBXGroup;
			children = (
				8367C66A20CAA48D000E214C /* AppDelegate.swift */,
				8367C66E20CAA48D000E214C /* Main.storyboard */,
				830786F820DFAB1500D58515 /* NewWeaponController.swift */,
				830786F020DF75AB00D58515 /* RateController.swift */,
				830786EE20DF5E1E00D58515 /* NaviExt.swift */,
				830786F220DF934900D58515 /* weapons.json */,
				830786FA20DFAF1400D58515 /* pickerViewFill.swift */,
				830786EC20D4E7CA00D58515 /* DetailCell.swift */,
				830786EA20D4E5B200D58515 /* DetailController.swift */,
				830786F620DF9F0200D58515 /* weaponSpecs.json */,
				830786E620D3A7EB00D58515 /* WeaponDetailViewController.swift */,
				8367C68020CAC415000E214C /* UIViewHelper.swift */,
				8367C67E20CAAEF8000E214C /* CardCell.swift */,
				8367C67C20CAA51C000E214C /* WeaponsTableViewController.swift */,
				830786F420DF9EF400D58515 /* origin.json */,
				830786E820D4CFED00D58515 /* Weapon.swift */,
				8367C67120CAA48E000E214C /* Assets.xcassets */,
				8367C67320CAA48E000E214C /* LaunchScreen.storyboard */,
				8367C67620CAA48E000E214C /* Info.plist */,
			);
			path = Weapons;
			sourceTree = "<group>";
		};
/* End PBXGroup section */

/* Begin PBXNativeTarget section */
		8367C66620CAA48D000E214C /* Weapons */ = {
			isa = PBXNativeTarget;
			buildConfigurationList = 8367C67920CAA48E000E214C /* Build configuration list for PBXNativeTarget "Weapons" */;
			buildPhases = (
				8367C66320CAA48D000E214C /* Sources */,
				8367C66420CAA48D000E214C /* Frameworks */,
				8367C66520CAA48D000E214C /* Resources */,
			);
			buildRules = (
			);
			dependencies = (
			);
			name = Weapons;
			productName = Weapons;
			productReference = 8367C66720CAA48D000E214C /* Weapons.app */;
			productType = "com.apple.product-type.application";
		};
/* End PBXNativeTarget section */

/* Begin PBXProject section */
		8367C65F20CAA48D000E214C /* Project object */ = {
			isa = PBXProject;
			attributes = {
				LastSwiftUpdateCheck = 0930;
				LastUpgradeCheck = 0930;
				ORGANIZATIONNAME = "Mr wngkai";
				TargetAttributes = {
					8367C66620CAA48D000E214C = {
						CreatedOnToolsVersion = 9.3;
					};
				};
			};
			buildConfigurationList = 8367C66220CAA48D000E214C /* Build configuration list for PBXProject "Weapons" */;
			compatibilityVersion = "Xcode 9.3";
			developmentRegion = en;
			hasScannedForEncodings = 0;
			knownRegions = (
				en,
				Base,
			);
			mainGroup = 8367C65E20CAA48D000E214C;
			productRefGroup = 8367C66820CAA48D000E214C /* Products */;
			projectDirPath = "";
			projectRoot = "";
			targets = (
				8367C66620CAA48D000E214C /* Weapons */,
			);
		};
/* End PBXProject section */

/* Begin PBXResourcesBuildPhase section */
		8367C66520CAA48D000E214C /* Resources */ = {
			isa = PBXResourcesBuildPhase;
			buildActionMask = 2147483647;
			files = (
				830786F720DF9F0200D58515 /* weaponSpecs.json in Resources */,
				8367C67520CAA48E000E214C /* LaunchScreen.storyboard in Resources */,
				830786F320DF934A00D58515 /* weapons.json in Resources */,
				830786F520DF9EF400D58515 /* origin.json in Resources */,
				8367C67220CAA48E000E214C /* Assets.xcassets in Resources */,
				8367C67020CAA48D000E214C /* Main.storyboard in Resources */,
			);
			runOnlyForDeploymentPostprocessing = 0;
		};
/* End PBXResourcesBuildPhase section */

/* Begin PBXSourcesBuildPhase section */
		8367C66320CAA48D000E214C /* Sources */ = {
			isa = PBXSourcesBuildPhase;
			buildActionMask = 2147483647;
			files = (
				8367C67D20CAA51C000E214C /* WeaponsTableViewController.swift in Sources */,
				830786F920DFAB1500D58515 /* NewWeaponController.swift in Sources */,
				830786F120DF75AB00D58515 /* RateController.swift in Sources */,
				830786FB20DFAF1400D58515 /* pickerViewFill.swift in Sources */,
				830786EB20D4E5B200D58515 /* DetailController.swift in Sources */,
				8367C66B20CAA48D000E214C /* AppDelegate.swift in Sources */,
				830786E720D3A7EB00D58515 /* WeaponDetailViewController.swift in Sources */,
				8367C68120CAC415000E214C /* UIViewHelper.swift in Sources */,
				8367C67F20CAAEF8000E214C /* CardCell.swift in Sources */,
				830786EF20DF5E1E00D58515 /* NaviExt.swift in Sources */,
				830786ED20D4E7CA00D58515 /* DetailCell.swift in Sources */,
				830786E920D4CFED00D58515 /* Weapon.swift in Sources */,
			);
			runOnlyForDeploymentPostprocessing = 0;
		};
/* End PBXSourcesBuildPhase section */

/* Begin PBXVariantGroup section */
		8367C66E20CAA48D000E214C /* Main.storyboard */ = {
			isa = PBXVariantGroup;
			children = (
				8367C66F20CAA48D000E214C /* Base */,
			);
			name = Main.storyboard;
			sourceTree = "<group>";
		};
		8367C67320CAA48E000E214C /* LaunchScreen.storyboard */ = {
			isa = PBXVariantGroup;
			children = (
				8367C67420CAA48E000E214C /* Base */,
			);
			name = LaunchScreen.storyboard;
			sourceTree = "<group>";
		};
/* End PBXVariantGroup section */

/* Begin XCBuildConfiguration section */
		8367C67720CAA48E000E214C /* Debug */ = {
			isa = XCBuildConfiguration;
			buildSettings = {
				ALWAYS_SEARCH_USER_PATHS = NO;
				CLANG_ANALYZER_NONNULL = YES;
				CLANG_ANALYZER_NUMBER_OBJECT_CONVERSION = YES_AGGRESSIVE;
				CLANG_CXX_LANGUAGE_STANDARD = "gnu++14";
				CLANG_CXX_LIBRARY = "libc++";
				CLANG_ENABLE_MODULES = YES;
				CLANG_ENABLE_OBJC_ARC = YES;
				CLANG_ENABLE_OBJC_WEAK = YES;
				CLANG_WARN_BLOCK_CAPTURE_AUTORELEASING = YES;
				CLANG_WARN_BOOL_CONVERSION = YES;
				CLANG_WARN_COMMA = YES;
				CLANG_WARN_CONSTANT_CONVERSION = YES;
				CLANG_WARN_DEPRECATED_OBJC_IMPLEMENTATIONS = YES;
				CLANG_WARN_DIRECT_OBJC_ISA_USAGE = YES_ERROR;
				CLANG_WARN_DOCUMENTATION_COMMENTS = YES;
				CLANG_WARN_EMPTY_BODY = YES;
				CLANG_WARN_ENUM_CONVERSION = YES;
				CLANG_WARN_INFINITE_RECURSION = YES;
				CLANG_WARN_INT_CONVERSION = YES;
				CLANG_WARN_NON_LITERAL_NULL_CONVERSION = YES;
				CLANG_WARN_OBJC_IMPLICIT_RETAIN_SELF = YES;
				CLANG_WARN_OBJC_LITERAL_CONVERSION = YES;
				CLANG_WARN_OBJC_ROOT_CLASS = YES_ERROR;
				CLANG_WARN_RANGE_LOOP_ANALYSIS = YES;
				CLANG_WARN_STRICT_PROTOTYPES = YES;
				CLANG_WARN_SUSPICIOUS_MOVE = YES;
				CLANG_WARN_UNGUARDED_AVAILABILITY = YES_AGGRESSIVE;
				CLANG_WARN_UNREACHABLE_CODE = YES;
				CLANG_WARN__DUPLICATE_METHOD_MATCH = YES;
				CODE_SIGN_IDENTITY = "iPhone Developer";
				COPY_PHASE_STRIP = NO;
				DEBUG_INFORMATION_FORMAT = dwarf;
				ENABLE_STRICT_OBJC_MSGSEND = YES;
				ENABLE_TESTABILITY = YES;
				GCC_C_LANGUAGE_STANDARD = gnu11;
				GCC_DYNAMIC_NO_PIC = NO;
				GCC_NO_COMMON_BLOCKS = YES;
				GCC_OPTIMIZATION_LEVEL = 0;
				GCC_PREPROCESSOR_DEFINITIONS = (
					"DEBUG=1",
					"$(inherited)",
				);
				GCC_WARN_64_TO_32_BIT_CONVERSION = YES;
				GCC_WARN_ABOUT_RETURN_TYPE = YES_ERROR;
				GCC_WARN_UNDECLARED_SELECTOR = YES;
				GCC_WARN_UNINITIALIZED_AUTOS = YES_AGGRESSIVE;
				GCC_WARN_UNUSED_FUNCTION = YES;
				GCC_WARN_UNUSED_VARIABLE = YES;
				IPHONEOS_DEPLOYMENT_TARGET = 11.3;
				MTL_ENABLE_DEBUG_INFO = YES;
				ONLY_ACTIVE_ARCH = YES;
				SDKROOT = iphoneos;
				SWIFT_ACTIVE_COMPILATION_CONDITIONS = DEBUG;
				SWIFT_OPTIMIZATION_LEVEL = "-Onone";
			};
			name = Debug;
		};
		8367C67820CAA48E000E214C /* Release */ = {
			isa = XCBuildConfiguration;
			buildSettings = {
				ALWAYS_SEARCH_USER_PATHS = NO;
				CLANG_ANALYZER_NONNULL = YES;
				CLANG_ANALYZER_NUMBER_OBJECT_CONVERSION = YES_AGGRESSIVE;
				CLANG_CXX_LANGUAGE_STANDARD = "gnu++14";
				CLANG_CXX_LIBRARY = "libc++";
				CLANG_ENABLE_MODULES = YES;
				CLANG_ENABLE_OBJC_ARC = YES;
				CLANG_ENABLE_OBJC_WEAK = YES;
				CLANG_WARN_BLOCK_CAPTURE_AUTORELEASING = YES;
				CLANG_WARN_BOOL_CONVERSION = YES;
				CLANG_WARN_COMMA = YES;
				CLANG_WARN_CONSTANT_CONVERSION = YES;
				CLANG_WARN_DEPRECATED_OBJC_IMPLEMENTATIONS = YES;
				CLANG_WARN_DIRECT_OBJC_ISA_USAGE = YES_ERROR;
				CLANG_WARN_DOCUMENTATION_COMMENTS = YES;
				CLANG_WARN_EMPTY_BODY = YES;
				CLANG_WARN_ENUM_CONVERSION = YES;
				CLANG_WARN_INFINITE_RECURSION = YES;
				CLANG_WARN_INT_CONVERSION = YES;
				CLANG_WARN_NON_LITERAL_NULL_CONVERSION = YES;
				CLANG_WARN_OBJC_IMPLICIT_RETAIN_SELF = YES;
				CLANG_WARN_OBJC_LITERAL_CONVERSION = YES;
				CLANG_WARN_OBJC_ROOT_CLASS = YES_ERROR;
				CLANG_WARN_RANGE_LOOP_ANALYSIS = YES;
				CLANG_WARN_STRICT_PROTOTYPES = YES;
				CLANG_WARN_SUSPICIOUS_MOVE = YES;
				CLANG_WARN_UNGUARDED_AVAILABILITY = YES_AGGRESSIVE;
				CLANG_WARN_UNREACHABLE_CODE = YES;
				CLANG_WARN__DUPLICATE_METHOD_MATCH = YES;
				CODE_SIGN_IDENTITY = "iPhone Developer";
				COPY_PHASE_STRIP = NO;
				DEBUG_INFORMATION_FORMAT = "dwarf-with-dsym";
				ENABLE_NS_ASSERTIONS = NO;
				ENABLE_STRICT_OBJC_MSGSEND = YES;
				GCC_C_LANGUAGE_STANDARD = gnu11;
				GCC_NO_COMMON_BLOCKS = YES;
				GCC_WARN_64_TO_32_BIT_CONVERSION = YES;
				GCC_WARN_ABOUT_RETURN_TYPE = YES_ERROR;
				GCC_WARN_UNDECLARED_SELECTOR = YES;
				GCC_WARN_UNINITIALIZED_AUTOS = YES_AGGRESSIVE;
				GCC_WARN_UNUSED_FUNCTION = YES;
				GCC_WARN_UNUSED_VARIABLE = YES;
				IPHONEOS_DEPLOYMENT_TARGET = 11.3;
				MTL_ENABLE_DEBUG_INFO = NO;
				SDKROOT = iphoneos;
				SWIFT_COMPILATION_MODE = wholemodule;
				SWIFT_OPTIMIZATION_LEVEL = "-O";
				VALIDATE_PRODUCT = YES;
			};
			name = Release;
		};
		8367C67A20CAA48E000E214C /* Debug */ = {
			isa = XCBuildConfiguration;
			buildSettings = {
				ASSETCATALOG_COMPILER_APPICON_NAME = AppIcon;
				CODE_SIGN_IDENTITY = "iPhone Developer";
				CODE_SIGN_STYLE = Automatic;
				DEVELOPMENT_TEAM = D3UNDL2G5D;
				INFOPLIST_FILE = Weapons/Info.plist;
				LD_RUNPATH_SEARCH_PATHS = (
					"$(inherited)",
					"@executable_path/Frameworks",
				);
				PRODUCT_BUNDLE_IDENTIFIER = com.WangKai.Weapons;
				PRODUCT_NAME = "$(TARGET_NAME)";
				PROVISIONING_PROFILE_SPECIFIER = "";
				SWIFT_VERSION = 4.0;
				TARGETED_DEVICE_FAMILY = "1,2";
			};
			name = Debug;
		};
		8367C67B20CAA48E000E214C /* Release */ = {
			isa = XCBuildConfiguration;
			buildSettings = {
				ASSETCATALOG_COMPILER_APPICON_NAME = AppIcon;
				CODE_SIGN_IDENTITY = "iPhone Developer";
				CODE_SIGN_STYLE = Automatic;
				DEVELOPMENT_TEAM = D3UNDL2G5D;
				INFOPLIST_FILE = Weapons/Info.plist;
				LD_RUNPATH_SEARCH_PATHS = (
					"$(inherited)",
					"@executable_path/Frameworks",
				);
				PRODUCT_BUNDLE_IDENTIFIER = com.WangKai.Weapons;
				PRODUCT_NAME = "$(TARGET_NAME)";
				PROVISIONING_PROFILE_SPECIFIER = "";
				SWIFT_VERSION = 4.0;
				TARGETED_DEVICE_FAMILY = "1,2";
			};
			name = Release;
		};
/* End XCBuildConfiguration section */

/* Begin XCConfigurationList section */
		8367C66220CAA48D000E214C /* Build configuration list for PBXProject "Weapons" */ = {
			isa = XCConfigurationList;
			buildConfigurations = (
				8367C67720CAA48E000E214C /* Debug */,
				8367C67820CAA48E000E214C /* Release */,
			);
			defaultConfigurationIsVisible = 0;
			defaultConfigurationName = Release;
		};
		8367C67920CAA48E000E214C /* Build configuration list for PBXNativeTarget "Weapons" */ = {
			isa = XCConfigurationList;
			buildConfigurations = (
				8367C67A20CAA48E000E214C /* Debug */,
				8367C67B20CAA48E000E214C /* Release */,
			);
			defaultConfigurationIsVisible = 0;
			defaultConfigurationName = Release;
		};
/* End XCConfigurationList section */
	};
	rootObject = 8367C65F20CAA48D000E214C /* Project object */;
}
